
Microsoft Visual Studio Solution File, Format Version 12.00
# Visual Studio 14
VisualStudioVersion = 14.0.25420.1
MinimumVisualStudioVersion = 10.0.40219.1
Project("{FAE04EC0-301F-11D3-BF4B-00C04F79EFBC}") = "Task_1", "Task_1\Task_1.csproj", "{AF97E3A3-17D2-4B26-891C-539269B8B436}"
EndProject
Project("{FAE04EC0-301F-11D3-BF4B-00C04F79EFBC}") = "Task_2", "Task_2\Task_2.csproj", "{23291172-7A0B-4957-8614-B321A72C507D}"
EndProject
Project("{FAE04EC0-301F-11D3-BF4B-00C04F79EFBC}") = "Task_3", "Task_3\Task_3.csproj", "{0A76502B-659D-4B7A-A892-98EC0CE3EA8C}"
EndProject
Global
	GlobalSection(SolutionConfigurationPlatforms) = preSolution
		Debug|Any CPU = Debug|Any CPU
		Release|Any CPU = Release|Any CPU
	EndGlobalSection
	GlobalSection(ProjectConfigurationPlatforms) = postSolution
		{AF97E3A3-17D2-4B26-891C-539269B8B436}.Debug|Any CPU.ActiveCfg = Debug|Any CPU
		{AF97E3A3-17D2-4B26-891C-539269B8B436}.Debug|Any CPU.Build.0 = Debug|Any CPU
		{AF97E3A3-17D2-4B26-891C-539269B8B436}.Release|Any CPU.ActiveCfg = Release|Any CPU
		{AF97E3A3-17D2-4B26-891C-539269B8B436}.Release|Any CPU.Build.0 = Release|Any CPU
		{23291172-7A0B-4957-8614-B321A72C507D}.Debug|Any CPU.ActiveCfg = Debug|Any CPU
		{23291172-7A0B-4957-8614-B321A72C507D}.Debug|Any CPU.Build.0 = Debug|Any CPU
		{23291172-7A0B-4957-8614-B321A72C507D}.Release|Any CPU.ActiveCfg = Release|Any CPU
		{23291172-7A0B-4957-8614-B321A72C507D}.Release|Any CPU.Build.0 = Release|Any CPU
		{0A76502B-659D-4B7A-A892-98EC0CE3EA8C}.Debug|Any CPU.ActiveCfg = Debug|Any CPU
		{0A76502B-659D-4B7A-A892-98EC0CE3EA8C}.Debug|Any CPU.Build.0 = Debug|Any CPU
		{0A76502B-659D-4B7A-A892-98EC0CE3EA8C}.Release|Any CPU.ActiveCfg = Release|Any CPU
		{0A76502B-659D-4B7A-A892-98EC0CE3EA8C}.Release|Any CPU.Build.0 = Release|Any CPU
	EndGlobalSection
	GlobalSection(SolutionProperties) = preSolution
		HideSolutionNode = FALSE
	EndGlobalSection
EndGlobal
